PODS:
  - MessagesUIKit (0.1.4):
    - SDWebImage (= 3.7.2)
  - SDWebImage (3.7.2):
    - SDWebImage/Core (= 3.7.2)
  - SDWebImage/Core (3.7.2)

DEPENDENCIES:
  - MessagesUIKit (from `../`)

EXTERNAL SOURCES:
  MessagesUIKit:
    :path: "../"

SPEC CHECKSUMS:
  MessagesUIKit: 515986a9a41757c431d071f0469184432e75c851
  SDWebImage: 71b7cdc1d1721d6a82ed62889030225f2c249e29

COCOAPODS: 0.37.2
