PODS:
  - MBProgressHUD (1.0.0)
  - MessagesUIKit (0.1.8):
    - MBProgressHUD
    - SDWebImage (~> 3.7)
    - TTTAttributedLabel (~> 1.13)
  - SDWebImage (3.8.2):
    - SDWebImage/Core (= 3.8.2)
  - SDWebImage/Core (3.8.2)
  - TTTAttributedLabel (1.13.4)

DEPENDENCIES:
  - MessagesUIKit (from `../`)

EXTERNAL SOURCES:
  MessagesUIKit:
    :path: "../"

SPEC CHECKSUMS:
  MBProgressHUD: 4890f671c94e8a0f3cf959aa731e9de2f036d71a
  MessagesUIKit: e978ea31d3d116eacd8e7739da616e017a00a01d
  SDWebImage: 098e97e6176540799c27e804c96653ee0833d13c
  TTTAttributedLabel: 0a2ac7b2dd726d32a070dafb01446026b11e624f

PODFILE CHECKSUM: 8e0c422dcea7816d9d0cb722e97ac0805749575e

COCOAPODS: 1.1.1
